// !$*UTF8*$!
{
	archiveVersion = 1;
	classes = {
	};
	objectVersion = 50;
	objects = {

/* Begin PBXBuildFile section */
		1365F6F12453FF150070CE4E /* AppDelegate.swift in Sources */ = {isa = PBXBuildFile; fileRef = 1365F6F02453FF150070CE4E /* AppDelegate.swift */; };
		1365F6F32453FF150070CE4E /* SceneDelegate.swift in Sources */ = {isa = PBXBuildFile; fileRef = 1365F6F22453FF150070CE4E /* SceneDelegate.swift */; };
		1365F6F52453FF150070CE4E /* ViewController.swift in Sources */ = {isa = PBXBuildFile; fileRef = 1365F6F42453FF150070CE4E /* ViewController.swift */; };
		1365F6F82453FF150070CE4E /* Main.storyboard in Resources */ = {isa = PBXBuildFile; fileRef = 1365F6F62453FF150070CE4E /* Main.storyboard */; };
		1365F6FA2453FF190070CE4E /* Assets.xcassets in Resources */ = {isa = PBXBuildFile; fileRef = 1365F6F92453FF190070CE4E /* Assets.xcassets */; };
		1365F6FD2453FF190070CE4E /* LaunchScreen.storyboard in Resources */ = {isa = PBXBuildFile; fileRef = 1365F6FB2453FF190070CE4E /* LaunchScreen.storyboard */; };
/* End PBXBuildFile section */

/* Begin PBXFileReference section */
		1365F6ED2453FF150070CE4E /* second_week_ios_seminar_2.app */ = {isa = PBXFileReference; explicitFileType = wrapper.application; includeInIndex = 0; path = second_week_ios_seminar_2.app; sourceTree = BUILT_PRODUCTS_DIR; };
		1365F6F02453FF150070CE4E /* AppDelegate.swift */ = {isa = PBXFileReference; lastKnownFileType = sourcecode.swift; path = AppDelegate.swift; sourceTree = "<group>"; };
		1365F6F22453FF150070CE4E /* SceneDelegate.swift */ = {isa = PBXFileReference; lastKnownFileType = sourcecode.swift; path = SceneDelegate.swift; sourceTree = "<group>"; };
		1365F6F42453FF150070CE4E /* ViewController.swift */ = {isa = PBXFileReference; lastKnownFileType = sourcecode.swift; path = ViewController.swift; sourceTree = "<group>"; };
		1365F6F72453FF150070CE4E /* Base */ = {isa = PBXFileReference; lastKnownFileType = file.storyboard; name = Base; path = Base.lproj/Main.storyboard; sourceTree = "<group>"; };
		1365F6F92453FF190070CE4E /* Assets.xcassets */ = {isa = PBXFileReference; lastKnownFileType = folder.assetcatalog; path = Assets.xcassets; sourceTree = "<group>"; };
		1365F6FC2453FF190070CE4E /* Base */ = {isa = PBXFileReference; lastKnownFileType = file.storyboard; name = Base; path = Base.lproj/LaunchScreen.storyboard; sourceTree = "<group>"; };
		1365F6FE2453FF190070CE4E /* Info.plist */ = {isa = PBXFileReference; lastKnownFileType = text.plist.xml; path = Info.plist; sourceTree = "<group>"; };
/* End PBXFileReference section */

/* Begin PBXFrameworksBuildPhase section */
		1365F6EA2453FF150070CE4E /* Frameworks */ = {
			isa = PBXFrameworksBuildPhase;
			buildActionMask = 2147483647;
			files = (
			);
			runOnlyForDeploymentPostprocessing = 0;
		};
/* End PBXFrameworksBuildPhase section */

/* Begin PBXGroup section */
		1365F6E42453FF150070CE4E = {
			isa = PBXGroup;
			children = (
				1365F6EF2453FF150070CE4E /* second_week_ios_seminar_2 */,
				1365F6EE2453FF150070CE4E /* Products */,
			);
			sourceTree = "<group>";
		};
		1365F6EE2453FF150070CE4E /* Products */ = {
			isa = PBXGroup;
			children = (
				1365F6ED2453FF150070CE4E /* second_week_ios_seminar_2.app */,
			);
			name = Products;
			sourceTree = "<group>";
		};
		1365F6EF2453FF150070CE4E /* second_week_ios_seminar_2 */ = {
			isa = PBXGroup;
			children = (
				1365F6F02453FF150070CE4E /* AppDelegate.swift */,
				1365F6F22453FF150070CE4E /* SceneDelegate.swift */,
				1365F6F42453FF150070CE4E /* ViewController.swift */,
				1365F6F62453FF150070CE4E /* Main.storyboard */,
				1365F6F92453FF190070CE4E /* Assets.xcassets */,
				1365F6FB2453FF190070CE4E /* LaunchScreen.storyboard */,
				1365F6FE2453FF190070CE4E /* Info.plist */,
			);
			path = second_week_ios_seminar_2;
			sourceTree = "<group>";
		};
/* End PBXGroup section */

/* Begin PBXNativeTarget section */
		1365F6EC2453FF150070CE4E /* second_week_ios_seminar_2 */ = {
			isa = PBXNativeTarget;
			buildConfigurationList = 1365F7012453FF190070CE4E /* Build configuration list for PBXNativeTarget "second_week_ios_seminar_2" */;
			buildPhases = (
				1365F6E92453FF150070CE4E /* Sources */,
				1365F6EA2453FF150070CE4E /* Frameworks */,
				1365F6EB2453FF150070CE4E /* Resources */,
			);
			buildRules = (
			);
			dependencies = (
			);
			name = second_week_ios_seminar_2;
			productName = second_week_ios_seminar_2;
			productReference = 1365F6ED2453FF150070CE4E /* second_week_ios_seminar_2.app */;
			productType = "com.apple.product-type.application";
		};
/* End PBXNativeTarget section */

/* Begin PBXProject section */
		1365F6E52453FF150070CE4E /* Project object */ = {
			isa = PBXProject;
			attributes = {
				LastSwiftUpdateCheck = 1140;
				LastUpgradeCheck = 1140;
				ORGANIZATIONNAME = "Suzie Lee";
				TargetAttributes = {
					1365F6EC2453FF150070CE4E = {
						CreatedOnToolsVersion = 11.4.1;
					};
				};
			};
			buildConfigurationList = 1365F6E82453FF150070CE4E /* Build configuration list for PBXProject "second_week_ios_seminar_2" */;
			compatibilityVersion = "Xcode 9.3";
			developmentRegion = en;
			hasScannedForEncodings = 0;
			knownRegions = (
				en,
				Base,
			);
			mainGroup = 1365F6E42453FF150070CE4E;
			productRefGroup = 1365F6EE2453FF150070CE4E /* Products */;
			projectDirPath = "";
			projectRoot = "";
			targets = (
				1365F6EC2453FF150070CE4E /* second_week_ios_seminar_2 */,
			);
		};
/* End PBXProject section */

/* Begin PBXResourcesBuildPhase section */
		1365F6EB2453FF150070CE4E /* Resources */ = {
			isa = PBXResourcesBuildPhase;
			buildActionMask = 2147483647;
			files = (
				1365F6FD2453FF190070CE4E /* LaunchScreen.storyboard in Resources */,
				1365F6FA2453FF190070CE4E /* Assets.xcassets in Resources */,
				1365F6F82453FF150070CE4E /* Main.storyboard in Resources */,
			);
			runOnlyForDeploymentPostprocessing = 0;
		};
/* End PBXResourcesBuildPhase section */

/* Begin PBXSourcesBuildPhase section */
		1365F6E92453FF150070CE4E /* Sources */ = {
			isa = PBXSourcesBuildPhase;
			buildActionMask = 2147483647;
			files = (
				1365F6F52453FF150070CE4E /* ViewController.swift in Sources */,
				1365F6F12453FF150070CE4E /* AppDelegate.swift in Sources */,
				1365F6F32453FF150070CE4E /* SceneDelegate.swift in Sources */,
			);
			runOnlyForDeploymentPostprocessing = 0;
		};
/* End PBXSourcesBuildPhase section */

/* Begin PBXVariantGroup section */
		1365F6F62453FF150070CE4E /* Main.storyboard */ = {
			isa = PBXVariantGroup;
			children = (
				1365F6F72453FF150070CE4E /* Base */,
			);
			name = Main.storyboard;
			sourceTree = "<group>";
		};
		1365F6FB2453FF190070CE4E /* LaunchScreen.storyboard */ = {
			isa = PBXVariantGroup;
			children = (
				1365F6FC2453FF190070CE4E /* Base */,
			);
			name = LaunchScreen.storyboard;
			sourceTree = "<group>";
		};
/* End PBXVariantGroup section */

/* Begin XCBuildConfiguration section */
		1365F6FF2453FF190070CE4E /* Debug */ = {
			isa = XCBuildConfiguration;
			buildSettings = {
				ALWAYS_SEARCH_USER_PATHS = NO;
				CLANG_ANALYZER_NONNULL = YES;
				CLANG_ANALYZER_NUMBER_OBJECT_CONVERSION = YES_AGGRESSIVE;
				CLANG_CXX_LANGUAGE_STANDARD = "gnu++14";
				CLANG_CXX_LIBRARY = "libc++";
				CLANG_ENABLE_MODULES = YES;
				CLANG_ENABLE_OBJC_ARC = YES;
				CLANG_ENABLE_OBJC_WEAK = YES;
				CLANG_WARN_BLOCK_CAPTURE_AUTORELEASING = YES;
				CLANG_WARN_BOOL_CONVERSION = YES;
				CLANG_WARN_COMMA = YES;
				CLANG_WARN_CONSTANT_CONVERSION = YES;
				CLANG_WARN_DEPRECATED_OBJC_IMPLEMENTATIONS = YES;
				CLANG_WARN_DIRECT_OBJC_ISA_USAGE = YES_ERROR;
				CLANG_WARN_DOCUMENTATION_COMMENTS = YES;
				CLANG_WARN_EMPTY_BODY = YES;
				CLANG_WARN_ENUM_CONVERSION = YES;
				CLANG_WARN_INFINITE_RECURSION = YES;
				CLANG_WARN_INT_CONVERSION = YES;
				CLANG_WARN_NON_LITERAL_NULL_CONVERSION = YES;
				CLANG_WARN_OBJC_IMPLICIT_RETAIN_SELF = YES;
				CLANG_WARN_OBJC_LITERAL_CONVERSION = YES;
				CLANG_WARN_OBJC_ROOT_CLASS = YES_ERROR;
				CLANG_WARN_RANGE_LOOP_ANALYSIS = YES;
				CLANG_WARN_STRICT_PROTOTYPES = YES;
				CLANG_WARN_SUSPICIOUS_MOVE = YES;
				CLANG_WARN_UNGUARDED_AVAILABILITY = YES_AGGRESSIVE;
				CLANG_WARN_UNREACHABLE_CODE = YES;
				CLANG_WARN__DUPLICATE_METHOD_MATCH = YES;
				COPY_PHASE_STRIP = NO;
				DEBUG_INFORMATION_FORMAT = dwarf;
				ENABLE_STRICT_OBJC_MSGSEND = YES;
				ENABLE_TESTABILITY = YES;
				GCC_C_LANGUAGE_STANDARD = gnu11;
				GCC_DYNAMIC_NO_PIC = NO;
				GCC_NO_COMMON_BLOCKS = YES;
				GCC_OPTIMIZATION_LEVEL = 0;
				GCC_PREPROCESSOR_DEFINITIONS = (
					"DEBUG=1",
					"$(inherited)",
				);
				GCC_WARN_64_TO_32_BIT_CONVERSION = YES;
				GCC_WARN_ABOUT_RETURN_TYPE = YES_ERROR;
				GCC_WARN_UNDECLARED_SELECTOR = YES;
				GCC_WARN_UNINITIALIZED_AUTOS = YES_AGGRESSIVE;
				GCC_WARN_UNUSED_FUNCTION = YES;
				GCC_WARN_UNUSED_VARIABLE = YES;
				IPHONEOS_DEPLOYMENT_TARGET = 13.4;
				MTL_ENABLE_DEBUG_INFO = INCLUDE_SOURCE;
				MTL_FAST_MATH = YES;
				ONLY_ACTIVE_ARCH = YES;
				SDKROOT = iphoneos;
				SWIFT_ACTIVE_COMPILATION_CONDITIONS = DEBUG;
				SWIFT_OPTIMIZATION_LEVEL = "-Onone";
			};
			name = Debug;
		};
		1365F7002453FF190070CE4E /* Release */ = {
			isa = XCBuildConfiguration;
			buildSettings = {
				ALWAYS_SEARCH_USER_PATHS = NO;
				CLANG_ANALYZER_NONNULL = YES;
				CLANG_ANALYZER_NUMBER_OBJECT_CONVERSION = YES_AGGRESSIVE;
				CLANG_CXX_LANGUAGE_STANDARD = "gnu++14";
				CLANG_CXX_LIBRARY = "libc++";
				CLANG_ENABLE_MODULES = YES;
				CLANG_ENABLE_OBJC_ARC = YES;
				CLANG_ENABLE_OBJC_WEAK = YES;
				CLANG_WARN_BLOCK_CAPTURE_AUTORELEASING = YES;
				CLANG_WARN_BOOL_CONVERSION = YES;
				CLANG_WARN_COMMA = YES;
				CLANG_WARN_CONSTANT_CONVERSION = YES;
				CLANG_WARN_DEPRECATED_OBJC_IMPLEMENTATIONS = YES;
				CLANG_WARN_DIRECT_OBJC_ISA_USAGE = YES_ERROR;
				CLANG_WARN_DOCUMENTATION_COMMENTS = YES;
				CLANG_WARN_EMPTY_BODY = YES;
				CLANG_WARN_ENUM_CONVERSION = YES;
				CLANG_WARN_INFINITE_RECURSION = YES;
				CLANG_WARN_INT_CONVERSION = YES;
				CLANG_WARN_NON_LITERAL_NULL_CONVERSION = YES;
				CLANG_WARN_OBJC_IMPLICIT_RETAIN_SELF = YES;
				CLANG_WARN_OBJC_LITERAL_CONVERSION = YES;
				CLANG_WARN_OBJC_ROOT_CLASS = YES_ERROR;
				CLANG_WARN_RANGE_LOOP_ANALYSIS = YES;
				CLANG_WARN_STRICT_PROTOTYPES = YES;
				CLANG_WARN_SUSPICIOUS_MOVE = YES;
				CLANG_WARN_UNGUARDED_AVAILABILITY = YES_AGGRESSIVE;
				CLANG_WARN_UNREACHABLE_CODE = YES;
				CLANG_WARN__DUPLICATE_METHOD_MATCH = YES;
				COPY_PHASE_STRIP = NO;
				DEBUG_INFORMATION_FORMAT = "dwarf-with-dsym";
				ENABLE_NS_ASSERTIONS = NO;
				ENABLE_STRICT_OBJC_MSGSEND = YES;
				GCC_C_LANGUAGE_STANDARD = gnu11;
				GCC_NO_COMMON_BLOCKS = YES;
				GCC_WARN_64_TO_32_BIT_CONVERSION = YES;
				GCC_WARN_ABOUT_RETURN_TYPE = YES_ERROR;
				GCC_WARN_UNDECLARED_SELECTOR = YES;
				GCC_WARN_UNINITIALIZED_AUTOS = YES_AGGRESSIVE;
				GCC_WARN_UNUSED_FUNCTION = YES;
				GCC_WARN_UNUSED_VARIABLE = YES;
				IPHONEOS_DEPLOYMENT_TARGET = 13.4;
				MTL_ENABLE_DEBUG_INFO = NO;
				MTL_FAST_MATH = YES;
				SDKROOT = iphoneos;
				SWIFT_COMPILATION_MODE = wholemodule;
				SWIFT_OPTIMIZATION_LEVEL = "-O";
				VALIDATE_PRODUCT = YES;
			};
			name = Release;
		};
		1365F7022453FF190070CE4E /* Debug */ = {
			isa = XCBuildConfiguration;
			buildSettings = {
				ASSETCATALOG_COMPILER_APPICON_NAME = AppIcon;
				CODE_SIGN_STYLE = Automatic;
				INFOPLIST_FILE = second_week_ios_seminar_2/Info.plist;
				LD_RUNPATH_SEARCH_PATHS = (
					"$(inherited)",
					"@executable_path/Frameworks",
				);
				PRODUCT_BUNDLE_IDENTIFIER = "com.suziescompany.second-week-ios-seminar-2";
				PRODUCT_NAME = "$(TARGET_NAME)";
				SWIFT_VERSION = 5.0;
				TARGETED_DEVICE_FAMILY = "1,2";
			};
			name = Debug;
		};
		1365F7032453FF190070CE4E /* Release */ = {
			isa = XCBuildConfiguration;
			buildSettings = {
				ASSETCATALOG_COMPILER_APPICON_NAME = AppIcon;
				CODE_SIGN_STYLE = Automatic;
				INFOPLIST_FILE = second_week_ios_seminar_2/Info.plist;
				LD_RUNPATH_SEARCH_PATHS = (
					"$(inherited)",
					"@executable_path/Frameworks",
				);
				PRODUCT_BUNDLE_IDENTIFIER = "com.suziescompany.second-week-ios-seminar-2";
				PRODUCT_NAME = "$(TARGET_NAME)";
				SWIFT_VERSION = 5.0;
				TARGETED_DEVICE_FAMILY = "1,2";
			};
			name = Release;
		};
/* End XCBuildConfiguration section */

/* Begin XCConfigurationList section */
		1365F6E82453FF150070CE4E /* Build configuration list for PBXProject "second_week_ios_seminar_2" */ = {
			isa = XCConfigurationList;
			buildConfigurations = (
				1365F6FF2453FF190070CE4E /* Debug */,
				1365F7002453FF190070CE4E /* Release */,
			);
			defaultConfigurationIsVisible = 0;
			defaultConfigurationName = Release;
		};
		1365F7012453FF190070CE4E /* Build configuration list for PBXNativeTarget "second_week_ios_seminar_2" */ = {
			isa = XCConfigurationList;
			buildConfigurations = (
				1365F7022453FF190070CE4E /* Debug */,
				1365F7032453FF190070CE4E /* Release */,
			);
			defaultConfigurationIsVisible = 0;
			defaultConfigurationName = Release;
		};
/* End XCConfigurationList section */
	};
	rootObject = 1365F6E52453FF150070CE4E /* Project object */;
}
