// !$*UTF8*$!
{
	archiveVersion = 1;
	classes = {
	};
	objectVersion = 50;
	objects = {

/* Begin PBXBuildFile section */
		135BD0B3246E8F4600F20527 /* KakaoViewController.swift in Sources */ = {isa = PBXBuildFile; fileRef = 135BD0B2246E8F4600F20527 /* KakaoViewController.swift */; };
		135BD0B5246E9BD000F20527 /* KaKaoCellTableViewCell.swift in Sources */ = {isa = PBXBuildFile; fileRef = 135BD0B4246E9BD000F20527 /* KaKaoCellTableViewCell.swift */; };
		135BD0B7246EA7AC00F20527 /* TableViewCell.swift in Sources */ = {isa = PBXBuildFile; fileRef = 135BD0B6246EA7AC00F20527 /* TableViewCell.swift */; };
		135BD0B9246EB9B300F20527 /* DataInformation.swift in Sources */ = {isa = PBXBuildFile; fileRef = 135BD0B8246EB9B300F20527 /* DataInformation.swift */; };
		13C8F955245BEBF5001AC3C7 /* AppDelegate.swift in Sources */ = {isa = PBXBuildFile; fileRef = 13C8F954245BEBF5001AC3C7 /* AppDelegate.swift */; };
		13C8F957245BEBF5001AC3C7 /* SceneDelegate.swift in Sources */ = {isa = PBXBuildFile; fileRef = 13C8F956245BEBF5001AC3C7 /* SceneDelegate.swift */; };
		13C8F959245BEBF5001AC3C7 /* ViewController.swift in Sources */ = {isa = PBXBuildFile; fileRef = 13C8F958245BEBF5001AC3C7 /* ViewController.swift */; };
		13C8F95C245BEBF5001AC3C7 /* Main.storyboard in Resources */ = {isa = PBXBuildFile; fileRef = 13C8F95A245BEBF5001AC3C7 /* Main.storyboard */; };
		13C8F95E245BEBF6001AC3C7 /* Assets.xcassets in Resources */ = {isa = PBXBuildFile; fileRef = 13C8F95D245BEBF6001AC3C7 /* Assets.xcassets */; };
		13C8F961245BEBF6001AC3C7 /* LaunchScreen.storyboard in Resources */ = {isa = PBXBuildFile; fileRef = 13C8F95F245BEBF6001AC3C7 /* LaunchScreen.storyboard */; };
/* End PBXBuildFile section */

/* Begin PBXFileReference section */
		135BD0B2246E8F4600F20527 /* KakaoViewController.swift */ = {isa = PBXFileReference; lastKnownFileType = sourcecode.swift; path = KakaoViewController.swift; sourceTree = "<group>"; };
		135BD0B4246E9BD000F20527 /* KaKaoCellTableViewCell.swift */ = {isa = PBXFileReference; lastKnownFileType = sourcecode.swift; path = KaKaoCellTableViewCell.swift; sourceTree = "<group>"; };
		135BD0B6246EA7AC00F20527 /* TableViewCell.swift */ = {isa = PBXFileReference; lastKnownFileType = sourcecode.swift; path = TableViewCell.swift; sourceTree = "<group>"; };
		135BD0B8246EB9B300F20527 /* DataInformation.swift */ = {isa = PBXFileReference; lastKnownFileType = sourcecode.swift; path = DataInformation.swift; sourceTree = "<group>"; };
		13C8F951245BEBF5001AC3C7 /* assignment_secondweek_scrollview.app */ = {isa = PBXFileReference; explicitFileType = wrapper.application; includeInIndex = 0; path = assignment_secondweek_scrollview.app; sourceTree = BUILT_PRODUCTS_DIR; };
		13C8F954245BEBF5001AC3C7 /* AppDelegate.swift */ = {isa = PBXFileReference; lastKnownFileType = sourcecode.swift; path = AppDelegate.swift; sourceTree = "<group>"; };
		13C8F956245BEBF5001AC3C7 /* SceneDelegate.swift */ = {isa = PBXFileReference; lastKnownFileType = sourcecode.swift; path = SceneDelegate.swift; sourceTree = "<group>"; };
		13C8F958245BEBF5001AC3C7 /* ViewController.swift */ = {isa = PBXFileReference; lastKnownFileType = sourcecode.swift; path = ViewController.swift; sourceTree = "<group>"; };
		13C8F95B245BEBF5001AC3C7 /* Base */ = {isa = PBXFileReference; lastKnownFileType = file.storyboard; name = Base; path = Base.lproj/Main.storyboard; sourceTree = "<group>"; };
		13C8F95D245BEBF6001AC3C7 /* Assets.xcassets */ = {isa = PBXFileReference; lastKnownFileType = folder.assetcatalog; path = Assets.xcassets; sourceTree = "<group>"; };
		13C8F960245BEBF6001AC3C7 /* Base */ = {isa = PBXFileReference; lastKnownFileType = file.storyboard; name = Base; path = Base.lproj/LaunchScreen.storyboard; sourceTree = "<group>"; };
		13C8F962245BEBF6001AC3C7 /* Info.plist */ = {isa = PBXFileReference; lastKnownFileType = text.plist.xml; path = Info.plist; sourceTree = "<group>"; };
/* End PBXFileReference section */

/* Begin PBXFrameworksBuildPhase section */
		13C8F94E245BEBF5001AC3C7 /* Frameworks */ = {
			isa = PBXFrameworksBuildPhase;
			buildActionMask = 2147483647;
			files = (
			);
			runOnlyForDeploymentPostprocessing = 0;
		};
/* End PBXFrameworksBuildPhase section */

/* Begin PBXGroup section */
		13C8F948245BEBF5001AC3C7 = {
			isa = PBXGroup;
			children = (
				13C8F953245BEBF5001AC3C7 /* assignment_secondweek_scrollview */,
				13C8F952245BEBF5001AC3C7 /* Products */,
			);
			sourceTree = "<group>";
		};
		13C8F952245BEBF5001AC3C7 /* Products */ = {
			isa = PBXGroup;
			children = (
				13C8F951245BEBF5001AC3C7 /* assignment_secondweek_scrollview.app */,
			);
			name = Products;
			sourceTree = "<group>";
		};
		13C8F953245BEBF5001AC3C7 /* assignment_secondweek_scrollview */ = {
			isa = PBXGroup;
			children = (
				3DED81A5246ED1DA0029ADAD /* Supports */,
				3DED81A1246ED14D0029ADAD /* Scene */,
				13C8F962245BEBF6001AC3C7 /* Info.plist */,
			);
			path = assignment_secondweek_scrollview;
			sourceTree = "<group>";
		};
		3DED81A1246ED14D0029ADAD /* Scene */ = {
			isa = PBXGroup;
			children = (
				3DED81A6246ED1E90029ADAD /* Swiftfiles */,
				3DED81A2246ED14D0029ADAD /* View */,
			);
			path = Scene;
			sourceTree = "<group>";
		};
		3DED81A2246ED14D0029ADAD /* View */ = {
			isa = PBXGroup;
			children = (
				13C8F95A245BEBF5001AC3C7 /* Main.storyboard */,
				13C8F95F245BEBF6001AC3C7 /* LaunchScreen.storyboard */,
				3DED81A4246ED1B70029ADAD /* Cells */,
				3DED81A3246ED14E0029ADAD /* ViewControllers */,
			);
			path = View;
			sourceTree = "<group>";
		};
		3DED81A3246ED14E0029ADAD /* ViewControllers */ = {
			isa = PBXGroup;
			children = (
				135BD0B2246E8F4600F20527 /* KakaoViewController.swift */,
				13C8F958245BEBF5001AC3C7 /* ViewController.swift */,
			);
			path = ViewControllers;
			sourceTree = "<group>";
		};
		3DED81A4246ED1B70029ADAD /* Cells */ = {
			isa = PBXGroup;
			children = (
				135BD0B6246EA7AC00F20527 /* TableViewCell.swift */,
				135BD0B4246E9BD000F20527 /* KaKaoCellTableViewCell.swift */,
			);
			path = Cells;
			sourceTree = "<group>";
		};
		3DED81A5246ED1DA0029ADAD /* Supports */ = {
			isa = PBXGroup;
			children = (
				13C8F95D245BEBF6001AC3C7 /* Assets.xcassets */,
				13C8F954245BEBF5001AC3C7 /* AppDelegate.swift */,
				13C8F956245BEBF5001AC3C7 /* SceneDelegate.swift */,
			);
			path = Supports;
			sourceTree = "<group>";
		};
		3DED81A6246ED1E90029ADAD /* Swiftfiles */ = {
			isa = PBXGroup;
			children = (
				135BD0B8246EB9B300F20527 /* DataInformation.swift */,
			);
			path = Swiftfiles;
			sourceTree = "<group>";
		};
/* End PBXGroup section */

/* Begin PBXNativeTarget section */
		13C8F950245BEBF5001AC3C7 /* assignment_secondweek_scrollview */ = {
			isa = PBXNativeTarget;
			buildConfigurationList = 13C8F965245BEBF6001AC3C7 /* Build configuration list for PBXNativeTarget "assignment_secondweek_scrollview" */;
			buildPhases = (
				13C8F94D245BEBF5001AC3C7 /* Sources */,
				13C8F94E245BEBF5001AC3C7 /* Frameworks */,
				13C8F94F245BEBF5001AC3C7 /* Resources */,
			);
			buildRules = (
			);
			dependencies = (
			);
			name = assignment_secondweek_scrollview;
			productName = assignment_secondweek_scrollview;
			productReference = 13C8F951245BEBF5001AC3C7 /* assignment_secondweek_scrollview.app */;
			productType = "com.apple.product-type.application";
		};
/* End PBXNativeTarget section */

/* Begin PBXProject section */
		13C8F949245BEBF5001AC3C7 /* Project object */ = {
			isa = PBXProject;
			attributes = {
				LastSwiftUpdateCheck = 1140;
				LastUpgradeCheck = 1140;
				ORGANIZATIONNAME = "Suzie Lee";
				TargetAttributes = {
					13C8F950245BEBF5001AC3C7 = {
						CreatedOnToolsVersion = 11.4.1;
					};
				};
			};
			buildConfigurationList = 13C8F94C245BEBF5001AC3C7 /* Build configuration list for PBXProject "assignment_secondweek_scrollview" */;
			compatibilityVersion = "Xcode 9.3";
			developmentRegion = en;
			hasScannedForEncodings = 0;
			knownRegions = (
				en,
				Base,
			);
			mainGroup = 13C8F948245BEBF5001AC3C7;
			productRefGroup = 13C8F952245BEBF5001AC3C7 /* Products */;
			projectDirPath = "";
			projectRoot = "";
			targets = (
				13C8F950245BEBF5001AC3C7 /* assignment_secondweek_scrollview */,
			);
		};
/* End PBXProject section */

/* Begin PBXResourcesBuildPhase section */
		13C8F94F245BEBF5001AC3C7 /* Resources */ = {
			isa = PBXResourcesBuildPhase;
			buildActionMask = 2147483647;
			files = (
				13C8F961245BEBF6001AC3C7 /* LaunchScreen.storyboard in Resources */,
				13C8F95E245BEBF6001AC3C7 /* Assets.xcassets in Resources */,
				13C8F95C245BEBF5001AC3C7 /* Main.storyboard in Resources */,
			);
			runOnlyForDeploymentPostprocessing = 0;
		};
/* End PBXResourcesBuildPhase section */

/* Begin PBXSourcesBuildPhase section */
		13C8F94D245BEBF5001AC3C7 /* Sources */ = {
			isa = PBXSourcesBuildPhase;
			buildActionMask = 2147483647;
			files = (
				13C8F959245BEBF5001AC3C7 /* ViewController.swift in Sources */,
				13C8F955245BEBF5001AC3C7 /* AppDelegate.swift in Sources */,
				135BD0B5246E9BD000F20527 /* KaKaoCellTableViewCell.swift in Sources */,
				135BD0B9246EB9B300F20527 /* DataInformation.swift in Sources */,
				135BD0B7246EA7AC00F20527 /* TableViewCell.swift in Sources */,
				13C8F957245BEBF5001AC3C7 /* SceneDelegate.swift in Sources */,
				135BD0B3246E8F4600F20527 /* KakaoViewController.swift in Sources */,
			);
			runOnlyForDeploymentPostprocessing = 0;
		};
/* End PBXSourcesBuildPhase section */

/* Begin PBXVariantGroup section */
		13C8F95A245BEBF5001AC3C7 /* Main.storyboard */ = {
			isa = PBXVariantGroup;
			children = (
				13C8F95B245BEBF5001AC3C7 /* Base */,
			);
			name = Main.storyboard;
			sourceTree = "<group>";
		};
		13C8F95F245BEBF6001AC3C7 /* LaunchScreen.storyboard */ = {
			isa = PBXVariantGroup;
			children = (
				13C8F960245BEBF6001AC3C7 /* Base */,
			);
			name = LaunchScreen.storyboard;
			sourceTree = "<group>";
		};
/* End PBXVariantGroup section */

/* Begin XCBuildConfiguration section */
		13C8F963245BEBF6001AC3C7 /* Debug */ = {
			isa = XCBuildConfiguration;
			buildSettings = {
				ALWAYS_SEARCH_USER_PATHS = NO;
				CLANG_ANALYZER_NONNULL = YES;
				CLANG_ANALYZER_NUMBER_OBJECT_CONVERSION = YES_AGGRESSIVE;
				CLANG_CXX_LANGUAGE_STANDARD = "gnu++14";
				CLANG_CXX_LIBRARY = "libc++";
				CLANG_ENABLE_MODULES = YES;
				CLANG_ENABLE_OBJC_ARC = YES;
				CLANG_ENABLE_OBJC_WEAK = YES;
				CLANG_WARN_BLOCK_CAPTURE_AUTORELEASING = YES;
				CLANG_WARN_BOOL_CONVERSION = YES;
				CLANG_WARN_COMMA = YES;
				CLANG_WARN_CONSTANT_CONVERSION = YES;
				CLANG_WARN_DEPRECATED_OBJC_IMPLEMENTATIONS = YES;
				CLANG_WARN_DIRECT_OBJC_ISA_USAGE = YES_ERROR;
				CLANG_WARN_DOCUMENTATION_COMMENTS = YES;
				CLANG_WARN_EMPTY_BODY = YES;
				CLANG_WARN_ENUM_CONVERSION = YES;
				CLANG_WARN_INFINITE_RECURSION = YES;
				CLANG_WARN_INT_CONVERSION = YES;
				CLANG_WARN_NON_LITERAL_NULL_CONVERSION = YES;
				CLANG_WARN_OBJC_IMPLICIT_RETAIN_SELF = YES;
				CLANG_WARN_OBJC_LITERAL_CONVERSION = YES;
				CLANG_WARN_OBJC_ROOT_CLASS = YES_ERROR;
				CLANG_WARN_RANGE_LOOP_ANALYSIS = YES;
				CLANG_WARN_STRICT_PROTOTYPES = YES;
				CLANG_WARN_SUSPICIOUS_MOVE = YES;
				CLANG_WARN_UNGUARDED_AVAILABILITY = YES_AGGRESSIVE;
				CLANG_WARN_UNREACHABLE_CODE = YES;
				CLANG_WARN__DUPLICATE_METHOD_MATCH = YES;
				COPY_PHASE_STRIP = NO;
				DEBUG_INFORMATION_FORMAT = dwarf;
				ENABLE_STRICT_OBJC_MSGSEND = YES;
				ENABLE_TESTABILITY = YES;
				GCC_C_LANGUAGE_STANDARD = gnu11;
				GCC_DYNAMIC_NO_PIC = NO;
				GCC_NO_COMMON_BLOCKS = YES;
				GCC_OPTIMIZATION_LEVEL = 0;
				GCC_PREPROCESSOR_DEFINITIONS = (
					"DEBUG=1",
					"$(inherited)",
				);
				GCC_WARN_64_TO_32_BIT_CONVERSION = YES;
				GCC_WARN_ABOUT_RETURN_TYPE = YES_ERROR;
				GCC_WARN_UNDECLARED_SELECTOR = YES;
				GCC_WARN_UNINITIALIZED_AUTOS = YES_AGGRESSIVE;
				GCC_WARN_UNUSED_FUNCTION = YES;
				GCC_WARN_UNUSED_VARIABLE = YES;
				IPHONEOS_DEPLOYMENT_TARGET = 13.4;
				MTL_ENABLE_DEBUG_INFO = INCLUDE_SOURCE;
				MTL_FAST_MATH = YES;
				ONLY_ACTIVE_ARCH = YES;
				SDKROOT = iphoneos;
				SWIFT_ACTIVE_COMPILATION_CONDITIONS = DEBUG;
				SWIFT_OPTIMIZATION_LEVEL = "-Onone";
			};
			name = Debug;
		};
		13C8F964245BEBF6001AC3C7 /* Release */ = {
			isa = XCBuildConfiguration;
			buildSettings = {
				ALWAYS_SEARCH_USER_PATHS = NO;
				CLANG_ANALYZER_NONNULL = YES;
				CLANG_ANALYZER_NUMBER_OBJECT_CONVERSION = YES_AGGRESSIVE;
				CLANG_CXX_LANGUAGE_STANDARD = "gnu++14";
				CLANG_CXX_LIBRARY = "libc++";
				CLANG_ENABLE_MODULES = YES;
				CLANG_ENABLE_OBJC_ARC = YES;
				CLANG_ENABLE_OBJC_WEAK = YES;
				CLANG_WARN_BLOCK_CAPTURE_AUTORELEASING = YES;
				CLANG_WARN_BOOL_CONVERSION = YES;
				CLANG_WARN_COMMA = YES;
				CLANG_WARN_CONSTANT_CONVERSION = YES;
				CLANG_WARN_DEPRECATED_OBJC_IMPLEMENTATIONS = YES;
				CLANG_WARN_DIRECT_OBJC_ISA_USAGE = YES_ERROR;
				CLANG_WARN_DOCUMENTATION_COMMENTS = YES;
				CLANG_WARN_EMPTY_BODY = YES;
				CLANG_WARN_ENUM_CONVERSION = YES;
				CLANG_WARN_INFINITE_RECURSION = YES;
				CLANG_WARN_INT_CONVERSION = YES;
				CLANG_WARN_NON_LITERAL_NULL_CONVERSION = YES;
				CLANG_WARN_OBJC_IMPLICIT_RETAIN_SELF = YES;
				CLANG_WARN_OBJC_LITERAL_CONVERSION = YES;
				CLANG_WARN_OBJC_ROOT_CLASS = YES_ERROR;
				CLANG_WARN_RANGE_LOOP_ANALYSIS = YES;
				CLANG_WARN_STRICT_PROTOTYPES = YES;
				CLANG_WARN_SUSPICIOUS_MOVE = YES;
				CLANG_WARN_UNGUARDED_AVAILABILITY = YES_AGGRESSIVE;
				CLANG_WARN_UNREACHABLE_CODE = YES;
				CLANG_WARN__DUPLICATE_METHOD_MATCH = YES;
				COPY_PHASE_STRIP = NO;
				DEBUG_INFORMATION_FORMAT = "dwarf-with-dsym";
				ENABLE_NS_ASSERTIONS = NO;
				ENABLE_STRICT_OBJC_MSGSEND = YES;
				GCC_C_LANGUAGE_STANDARD = gnu11;
				GCC_NO_COMMON_BLOCKS = YES;
				GCC_WARN_64_TO_32_BIT_CONVERSION = YES;
				GCC_WARN_ABOUT_RETURN_TYPE = YES_ERROR;
				GCC_WARN_UNDECLARED_SELECTOR = YES;
				GCC_WARN_UNINITIALIZED_AUTOS = YES_AGGRESSIVE;
				GCC_WARN_UNUSED_FUNCTION = YES;
				GCC_WARN_UNUSED_VARIABLE = YES;
				IPHONEOS_DEPLOYMENT_TARGET = 13.4;
				MTL_ENABLE_DEBUG_INFO = NO;
				MTL_FAST_MATH = YES;
				SDKROOT = iphoneos;
				SWIFT_COMPILATION_MODE = wholemodule;
				SWIFT_OPTIMIZATION_LEVEL = "-O";
				VALIDATE_PRODUCT = YES;
			};
			name = Release;
		};
		13C8F966245BEBF6001AC3C7 /* Debug */ = {
			isa = XCBuildConfiguration;
			buildSettings = {
				ASSETCATALOG_COMPILER_APPICON_NAME = AppIcon;
				CODE_SIGN_STYLE = Automatic;
				INFOPLIST_FILE = assignment_secondweek_scrollview/Info.plist;
				LD_RUNPATH_SEARCH_PATHS = (
					"$(inherited)",
					"@executable_path/Frameworks",
				);
				PRODUCT_BUNDLE_IDENTIFIER = "com.suziescompany.assignment-secondweek-scrollview";
				PRODUCT_NAME = "$(TARGET_NAME)";
				SWIFT_VERSION = 5.0;
				TARGETED_DEVICE_FAMILY = "1,2";
			};
			name = Debug;
		};
		13C8F967245BEBF6001AC3C7 /* Release */ = {
			isa = XCBuildConfiguration;
			buildSettings = {
				ASSETCATALOG_COMPILER_APPICON_NAME = AppIcon;
				CODE_SIGN_STYLE = Automatic;
				INFOPLIST_FILE = assignment_secondweek_scrollview/Info.plist;
				LD_RUNPATH_SEARCH_PATHS = (
					"$(inherited)",
					"@executable_path/Frameworks",
				);
				PRODUCT_BUNDLE_IDENTIFIER = "com.suziescompany.assignment-secondweek-scrollview";
				PRODUCT_NAME = "$(TARGET_NAME)";
				SWIFT_VERSION = 5.0;
				TARGETED_DEVICE_FAMILY = "1,2";
			};
			name = Release;
		};
/* End XCBuildConfiguration section */

/* Begin XCConfigurationList section */
		13C8F94C245BEBF5001AC3C7 /* Build configuration list for PBXProject "assignment_secondweek_scrollview" */ = {
			isa = XCConfigurationList;
			buildConfigurations = (
				13C8F963245BEBF6001AC3C7 /* Debug */,
				13C8F964245BEBF6001AC3C7 /* Release */,
			);
			defaultConfigurationIsVisible = 0;
			defaultConfigurationName = Release;
		};
		13C8F965245BEBF6001AC3C7 /* Build configuration list for PBXNativeTarget "assignment_secondweek_scrollview" */ = {
			isa = XCConfigurationList;
			buildConfigurations = (
				13C8F966245BEBF6001AC3C7 /* Debug */,
				13C8F967245BEBF6001AC3C7 /* Release */,
			);
			defaultConfigurationIsVisible = 0;
			defaultConfigurationName = Release;
		};
/* End XCConfigurationList section */
	};
	rootObject = 13C8F949245BEBF5001AC3C7 /* Project object */;
}
